
Microsoft Visual Studio Solution File, Format Version 12.00
# Visual Studio 15
VisualStudioVersion = 15.0.27004.2009
MinimumVisualStudioVersion = 10.0.40219.1
Project("{FAE04EC0-301F-11D3-BF4B-00C04F79EFBC}") = "ArtropyRestApi", "ArtropyRestApi\ArtropyRestApi.csproj", "{2C7AD909-76EF-4924-80D2-27D85D4B131D}"
EndProject
Global
	GlobalSection(SolutionConfigurationPlatforms) = preSolution
		Debug|Any CPU = Debug|Any CPU
		Release|Any CPU = Release|Any CPU
	EndGlobalSection
	GlobalSection(ProjectConfigurationPlatforms) = postSolution
		{2C7AD909-76EF-4924-80D2-27D85D4B131D}.Debug|Any CPU.ActiveCfg = Debug|Any CPU
		{2C7AD909-76EF-4924-80D2-27D85D4B131D}.Debug|Any CPU.Build.0 = Debug|Any CPU
		{2C7AD909-76EF-4924-80D2-27D85D4B131D}.Release|Any CPU.ActiveCfg = Release|Any CPU
		{2C7AD909-76EF-4924-80D2-27D85D4B131D}.Release|Any CPU.Build.0 = Release|Any CPU
	EndGlobalSection
	GlobalSection(SolutionProperties) = preSolution
		HideSolutionNode = FALSE
	EndGlobalSection
	GlobalSection(ExtensibilityGlobals) = postSolution
		SolutionGuid = {785A7B34-0DF9-4F91-B39F-D908738C067D}
	EndGlobalSection
EndGlobal
